
Microsoft Visual Studio Solution File, Format Version 12.00
# Visual Studio 15
Project("{FAE04EC0-301F-11D3-BF4B-00C04F79EFBC}") = "testModel", "testModel.csproj", "{22C05F5A-771F-2BA4-3924-7D221E864EEA}"
EndProject
Project("{FAE04EC0-301F-11D3-BF4B-00C04F79EFBC}") = "testModel.Editor", "testModel.Editor.csproj", "{4ACB33A6-9B19-FC50-CDEC-03857A3A9529}"
EndProject
Global
	GlobalSection(SolutionConfigurationPlatforms) = preSolution
		Debug|Any CPU = Debug|Any CPU
		Release|Any CPU = Release|Any CPU
	EndGlobalSection
	GlobalSection(ProjectConfigurationPlatforms) = postSolution
		{22C05F5A-771F-2BA4-3924-7D221E864EEA}.Debug|Any CPU.ActiveCfg = Debug|Any CPU
		{22C05F5A-771F-2BA4-3924-7D221E864EEA}.Debug|Any CPU.Build.0 = Debug|Any CPU
		{22C05F5A-771F-2BA4-3924-7D221E864EEA}.Release|Any CPU.ActiveCfg = Release|Any CPU
		{22C05F5A-771F-2BA4-3924-7D221E864EEA}.Release|Any CPU.Build.0 = Release|Any CPU
		{4ACB33A6-9B19-FC50-CDEC-03857A3A9529}.Debug|Any CPU.ActiveCfg = Debug|Any CPU
		{4ACB33A6-9B19-FC50-CDEC-03857A3A9529}.Debug|Any CPU.Build.0 = Debug|Any CPU
		{4ACB33A6-9B19-FC50-CDEC-03857A3A9529}.Release|Any CPU.ActiveCfg = Release|Any CPU
		{4ACB33A6-9B19-FC50-CDEC-03857A3A9529}.Release|Any CPU.Build.0 = Release|Any CPU
	EndGlobalSection
	GlobalSection(SolutionProperties) = preSolution
		HideSolutionNode = FALSE
	EndGlobalSection
EndGlobal
